# THIS IS AN AUTOGENERATED FILE. DO NOT EDIT THIS FILE DIRECTLY.
# yarn lockfile v1


dayjs@^1.11.9:
  version "1.11.9"
  resolved "https://registry.yarnpkg.com/dayjs/-/dayjs-1.11.9.tgz#9ca491933fadd0a60a2c19f6c237c03517d71d1a"
  integrity sha512-QvzAURSbQ0pKdIye2txOzNaHmxtUBXerpY0FJsFXUMKbIZeFm5ht1LS/jFsrncjnmtv8HsG0W2g6c0zUjZWmpA==

just-cartesian-product@^4.2.0:
  version "4.2.0"
  resolved "https://registry.yarnpkg.com/just-cartesian-product/-/just-cartesian-product-4.2.0.tgz#8ab38abc7c76aa3ca5676344918876ae4c2b652e"
  integrity sha512-vl+3t1HG/Q7o4hLqzaBUBr+3qOZudedXDY6+OVX3Ca6a120xBjzeFdql7+bv5gJhYYI13HnN2A1or5bA2x4ZBg==
